
Microsoft Visual Studio Solution File, Format Version 12.00
# Visual Studio Version 16
VisualStudioVersion = 16.0.28803.202
MinimumVisualStudioVersion = 10.0.40219.1
Project("{9A19103F-16F7-4668-BE54-9A1E7A4F7556}") = "Lexicon", "Lexicon\Lexicon.csproj", "{257CA3C7-DB22-43B2-8BDF-AF5A450E7579}"
EndProject
Project("{FAE04EC0-301F-11D3-BF4B-00C04F79EFBC}") = "Lexicon.Tests", "Lexicon.Tests\Lexicon.Tests.csproj", "{D5DC75F9-C83E-4335-B872-0921F493728C}"
EndProject
Global
	GlobalSection(SolutionConfigurationPlatforms) = preSolution
		Debug|Any CPU = Debug|Any CPU
		Release|Any CPU = Release|Any CPU
	EndGlobalSection
	GlobalSection(ProjectConfigurationPlatforms) = postSolution
		{257CA3C7-DB22-43B2-8BDF-AF5A450E7579}.Debug|Any CPU.ActiveCfg = Debug|Any CPU
		{257CA3C7-DB22-43B2-8BDF-AF5A450E7579}.Debug|Any CPU.Build.0 = Debug|Any CPU
		{257CA3C7-DB22-43B2-8BDF-AF5A450E7579}.Release|Any CPU.ActiveCfg = Release|Any CPU
		{257CA3C7-DB22-43B2-8BDF-AF5A450E7579}.Release|Any CPU.Build.0 = Release|Any CPU
		{D5DC75F9-C83E-4335-B872-0921F493728C}.Debug|Any CPU.ActiveCfg = Debug|Any CPU
		{D5DC75F9-C83E-4335-B872-0921F493728C}.Debug|Any CPU.Build.0 = Debug|Any CPU
		{D5DC75F9-C83E-4335-B872-0921F493728C}.Release|Any CPU.ActiveCfg = Release|Any CPU
		{D5DC75F9-C83E-4335-B872-0921F493728C}.Release|Any CPU.Build.0 = Release|Any CPU
	EndGlobalSection
	GlobalSection(SolutionProperties) = preSolution
		HideSolutionNode = FALSE
	EndGlobalSection
	GlobalSection(ExtensibilityGlobals) = postSolution
		SolutionGuid = {D78DFDA2-FF5C-41E7-926E-45F477A61EEA}
	EndGlobalSection
EndGlobal
